
Microsoft Visual Studio Solution File, Format Version 12.00
# Visual Studio Version 17
VisualStudioVersion = 17.10.35013.160
MinimumVisualStudioVersion = 10.0.40219.1
Project("{FAE04EC0-301F-11D3-BF4B-00C04F79EFBC}") = "BabyCradle", "BabyCradle\BabyCradle.csproj", "{0E2CA4C5-7FE6-4A7A-B319-7F26FB77C47A}"
EndProject
Global
	GlobalSection(SolutionConfigurationPlatforms) = preSolution
		Debug|Any CPU = Debug|Any CPU
		Release|Any CPU = Release|Any CPU
	EndGlobalSection
	GlobalSection(ProjectConfigurationPlatforms) = postSolution
		{0E2CA4C5-7FE6-4A7A-B319-7F26FB77C47A}.Debug|Any CPU.ActiveCfg = Debug|Any CPU
		{0E2CA4C5-7FE6-4A7A-B319-7F26FB77C47A}.Debug|Any CPU.Build.0 = Debug|Any CPU
		{0E2CA4C5-7FE6-4A7A-B319-7F26FB77C47A}.Release|Any CPU.ActiveCfg = Release|Any CPU
		{0E2CA4C5-7FE6-4A7A-B319-7F26FB77C47A}.Release|Any CPU.Build.0 = Release|Any CPU
	EndGlobalSection
	GlobalSection(SolutionProperties) = preSolution
		HideSolutionNode = FALSE
	EndGlobalSection
	GlobalSection(ExtensibilityGlobals) = postSolution
		SolutionGuid = {EA908E1B-4279-42E2-B481-EE40732F28C4}
	EndGlobalSection
EndGlobal
